
Microsoft Visual Studio Solution File, Format Version 12.00
# Visual Studio Version 16
VisualStudioVersion = 16.0.30128.74
MinimumVisualStudioVersion = 10.0.40219.1
Project("{9A19103F-16F7-4668-BE54-9A1E7A4F7556}") = "EmployeeManagment", "EmployeeManagment.csproj", "{34C42E0E-E546-45B8-BF15-B4E2CF3DA99D}"
EndProject
Global
	GlobalSection(SolutionConfigurationPlatforms) = preSolution
		Debug|Any CPU = Debug|Any CPU
		Release|Any CPU = Release|Any CPU
	EndGlobalSection
	GlobalSection(ProjectConfigurationPlatforms) = postSolution
		{34C42E0E-E546-45B8-BF15-B4E2CF3DA99D}.Debug|Any CPU.ActiveCfg = Debug|Any CPU
		{34C42E0E-E546-45B8-BF15-B4E2CF3DA99D}.Debug|Any CPU.Build.0 = Debug|Any CPU
		{34C42E0E-E546-45B8-BF15-B4E2CF3DA99D}.Release|Any CPU.ActiveCfg = Release|Any CPU
		{34C42E0E-E546-45B8-BF15-B4E2CF3DA99D}.Release|Any CPU.Build.0 = Release|Any CPU
	EndGlobalSection
	GlobalSection(SolutionProperties) = preSolution
		HideSolutionNode = FALSE
	EndGlobalSection
	GlobalSection(ExtensibilityGlobals) = postSolution
		SolutionGuid = {C1DCD8AC-035D-4EBC-90FF-0A28C9B1EDD0}
	EndGlobalSection
EndGlobal
